
Microsoft Visual Studio Solution File, Format Version 12.00
# Visual Studio Version 16
VisualStudioVersion = 16.0.31729.503
MinimumVisualStudioVersion = 10.0.40219.1
Project("{8BC9CEB8-8B4A-11D0-8D11-00A0C91BC942}") = "project_3", "project_3\project_3.vcxproj", "{B2958091-9517-4874-8CFE-5E4B127657FB}"
EndProject
Global
	GlobalSection(SolutionConfigurationPlatforms) = preSolution
		Debug|x64 = Debug|x64
		Release|x64 = Release|x64
	EndGlobalSection
	GlobalSection(ProjectConfigurationPlatforms) = postSolution
		{B2958091-9517-4874-8CFE-5E4B127657FB}.Debug|x64.ActiveCfg = Debug|x64
		{B2958091-9517-4874-8CFE-5E4B127657FB}.Debug|x64.Build.0 = Debug|x64
		{B2958091-9517-4874-8CFE-5E4B127657FB}.Release|x64.ActiveCfg = Release|x64
		{B2958091-9517-4874-8CFE-5E4B127657FB}.Release|x64.Build.0 = Release|x64
	EndGlobalSection
	GlobalSection(SolutionProperties) = preSolution
		HideSolutionNode = FALSE
	EndGlobalSection
	GlobalSection(ExtensibilityGlobals) = postSolution
		SolutionGuid = {8AE310DA-C47F-4FD8-885C-191A38E5919B}
	EndGlobalSection
EndGlobal
